
Microsoft Visual Studio Solution File, Format Version 12.00
# Visual Studio Version 17
VisualStudioVersion = 17.8.34330.188
MinimumVisualStudioVersion = 10.0.40219.1
Project("{FAE04EC0-301F-11D3-BF4B-00C04F79EFBC}") = "GameUploadServer", "GameUploadServer\GameUploadServer.csproj", "{0E802D34-5577-47D7-B01A-E4A938391D16}"
EndProject
Global
	GlobalSection(SolutionConfigurationPlatforms) = preSolution
		Debug|Any CPU = Debug|Any CPU
		Release|Any CPU = Release|Any CPU
	EndGlobalSection
	GlobalSection(ProjectConfigurationPlatforms) = postSolution
		{0E802D34-5577-47D7-B01A-E4A938391D16}.Debug|Any CPU.ActiveCfg = Debug|Any CPU
		{0E802D34-5577-47D7-B01A-E4A938391D16}.Debug|Any CPU.Build.0 = Debug|Any CPU
		{0E802D34-5577-47D7-B01A-E4A938391D16}.Release|Any CPU.ActiveCfg = Release|Any CPU
		{0E802D34-5577-47D7-B01A-E4A938391D16}.Release|Any CPU.Build.0 = Release|Any CPU
	EndGlobalSection
	GlobalSection(SolutionProperties) = preSolution
		HideSolutionNode = FALSE
	EndGlobalSection
	GlobalSection(ExtensibilityGlobals) = postSolution
		SolutionGuid = {26A9D902-25F9-456B-8BF6-200A51598671}
	EndGlobalSection
EndGlobal
